// !$*UTF8*$!
{
	archiveVersion = 1;
	classes = {
	};
	objectVersion = 56;
	objects = {

/* Begin PBXBuildFile section */
		CB0656BF2CB6A0F9008E67F9 /* Coin_GameApp.swift in Sources */ = {isa = PBXBuildFile; fileRef = CB0656BE2CB6A0F9008E67F9 /* Coin_GameApp.swift */; };
		CB0656C12CB6A0F9008E67F9 /* ContentView.swift in Sources */ = {isa = PBXBuildFile; fileRef = CB0656C02CB6A0F9008E67F9 /* ContentView.swift */; };
		CB0656C32CB6A102008E67F9 /* Assets.xcassets in Resources */ = {isa = PBXBuildFile; fileRef = CB0656C22CB6A102008E67F9 /* Assets.xcassets */; };
		CB0656C62CB6A102008E67F9 /* Preview Assets.xcassets in Resources */ = {isa = PBXBuildFile; fileRef = CB0656C52CB6A102008E67F9 /* Preview Assets.xcassets */; };
		CB0656D02CB6A102008E67F9 /* Coin_GameTests.swift in Sources */ = {isa = PBXBuildFile; fileRef = CB0656CF2CB6A102008E67F9 /* Coin_GameTests.swift */; };
		CB0656DA2CB6A102008E67F9 /* Coin_GameUITests.swift in Sources */ = {isa = PBXBuildFile; fileRef = CB0656D92CB6A102008E67F9 /* Coin_GameUITests.swift */; };
		CB0656DC2CB6A102008E67F9 /* Coin_GameUITestsLaunchTests.swift in Sources */ = {isa = PBXBuildFile; fileRef = CB0656DB2CB6A102008E67F9 /* Coin_GameUITestsLaunchTests.swift */; };
/* End PBXBuildFile section */

/* Begin PBXContainerItemProxy section */
		CB0656CC2CB6A102008E67F9 /* PBXContainerItemProxy */ = {
			isa = PBXContainerItemProxy;
			containerPortal = CB0656B32CB6A0F9008E67F9 /* Project object */;
			proxyType = 1;
			remoteGlobalIDString = CB0656BA2CB6A0F9008E67F9;
			remoteInfo = "Coin Game";
		};
		CB0656D62CB6A102008E67F9 /* PBXContainerItemProxy */ = {
			isa = PBXContainerItemProxy;
			containerPortal = CB0656B32CB6A0F9008E67F9 /* Project object */;
			proxyType = 1;
			remoteGlobalIDString = CB0656BA2CB6A0F9008E67F9;
			remoteInfo = "Coin Game";
		};
/* End PBXContainerItemProxy section */

/* Begin PBXFileReference section */
		CB0656BB2CB6A0F9008E67F9 /* Coin Game.app */ = {isa = PBXFileReference; explicitFileType = wrapper.application; includeInIndex = 0; path = "Coin Game.app"; sourceTree = BUILT_PRODUCTS_DIR; };
		CB0656BE2CB6A0F9008E67F9 /* Coin_GameApp.swift */ = {isa = PBXFileReference; lastKnownFileType = sourcecode.swift; path = Coin_GameApp.swift; sourceTree = "<group>"; };
		CB0656C02CB6A0F9008E67F9 /* ContentView.swift */ = {isa = PBXFileReference; lastKnownFileType = sourcecode.swift; path = ContentView.swift; sourceTree = "<group>"; };
		CB0656C22CB6A102008E67F9 /* Assets.xcassets */ = {isa = PBXFileReference; lastKnownFileType = folder.assetcatalog; path = Assets.xcassets; sourceTree = "<group>"; };
		CB0656C52CB6A102008E67F9 /* Preview Assets.xcassets */ = {isa = PBXFileReference; lastKnownFileType = folder.assetcatalog; path = "Preview Assets.xcassets"; sourceTree = "<group>"; };
		CB0656CB2CB6A102008E67F9 /* Coin GameTests.xctest */ = {isa = PBXFileReference; explicitFileType = wrapper.cfbundle; includeInIndex = 0; path = "Coin GameTests.xctest"; sourceTree = BUILT_PRODUCTS_DIR; };
		CB0656CF2CB6A102008E67F9 /* Coin_GameTests.swift */ = {isa = PBXFileReference; lastKnownFileType = sourcecode.swift; path = Coin_GameTests.swift; sourceTree = "<group>"; };
		CB0656D52CB6A102008E67F9 /* Coin GameUITests.xctest */ = {isa = PBXFileReference; explicitFileType = wrapper.cfbundle; includeInIndex = 0; path = "Coin GameUITests.xctest"; sourceTree = BUILT_PRODUCTS_DIR; };
		CB0656D92CB6A102008E67F9 /* Coin_GameUITests.swift */ = {isa = PBXFileReference; lastKnownFileType = sourcecode.swift; path = Coin_GameUITests.swift; sourceTree = "<group>"; };
		CB0656DB2CB6A102008E67F9 /* Coin_GameUITestsLaunchTests.swift */ = {isa = PBXFileReference; lastKnownFileType = sourcecode.swift; path = Coin_GameUITestsLaunchTests.swift; sourceTree = "<group>"; };
/* End PBXFileReference section */

/* Begin PBXFrameworksBuildPhase section */
		CB0656B82CB6A0F9008E67F9 /* Frameworks */ = {
			isa = PBXFrameworksBuildPhase;
			buildActionMask = 2147483647;
			files = (
			);
			runOnlyForDeploymentPostprocessing = 0;
		};
		CB0656C82CB6A102008E67F9 /* Frameworks */ = {
			isa = PBXFrameworksBuildPhase;
			buildActionMask = 2147483647;
			files = (
			);
			runOnlyForDeploymentPostprocessing = 0;
		};
		CB0656D22CB6A102008E67F9 /* Frameworks */ = {
			isa = PBXFrameworksBuildPhase;
			buildActionMask = 2147483647;
			files = (
			);
			runOnlyForDeploymentPostprocessing = 0;
		};
/* End PBXFrameworksBuildPhase section */

/* Begin PBXGroup section */
		CB0656B22CB6A0F9008E67F9 = {
			isa = PBXGroup;
			children = (
				CB0656BD2CB6A0F9008E67F9 /* Coin Game */,
				CB0656CE2CB6A102008E67F9 /* Coin GameTests */,
				CB0656D82CB6A102008E67F9 /* Coin GameUITests */,
				CB0656BC2CB6A0F9008E67F9 /* Products */,
			);
			sourceTree = "<group>";
		};
		CB0656BC2CB6A0F9008E67F9 /* Products */ = {
			isa = PBXGroup;
			children = (
				CB0656BB2CB6A0F9008E67F9 /* Coin Game.app */,
				CB0656CB2CB6A102008E67F9 /* Coin GameTests.xctest */,
				CB0656D52CB6A102008E67F9 /* Coin GameUITests.xctest */,
			);
			name = Products;
			sourceTree = "<group>";
		};
		CB0656BD2CB6A0F9008E67F9 /* Coin Game */ = {
			isa = PBXGroup;
			children = (
				CB0656BE2CB6A0F9008E67F9 /* Coin_GameApp.swift */,
				CB0656C02CB6A0F9008E67F9 /* ContentView.swift */,
				CB0656C22CB6A102008E67F9 /* Assets.xcassets */,
				CB0656C42CB6A102008E67F9 /* Preview Content */,
			);
			path = "Coin Game";
			sourceTree = "<group>";
		};
		CB0656C42CB6A102008E67F9 /* Preview Content */ = {
			isa = PBXGroup;
			children = (
				CB0656C52CB6A102008E67F9 /* Preview Assets.xcassets */,
			);
			path = "Preview Content";
			sourceTree = "<group>";
		};
		CB0656CE2CB6A102008E67F9 /* Coin GameTests */ = {
			isa = PBXGroup;
			children = (
				CB0656CF2CB6A102008E67F9 /* Coin_GameTests.swift */,
			);
			path = "Coin GameTests";
			sourceTree = "<group>";
		};
		CB0656D82CB6A102008E67F9 /* Coin GameUITests */ = {
			isa = PBXGroup;
			children = (
				CB0656D92CB6A102008E67F9 /* Coin_GameUITests.swift */,
				CB0656DB2CB6A102008E67F9 /* Coin_GameUITestsLaunchTests.swift */,
			);
			path = "Coin GameUITests";
			sourceTree = "<group>";
		};
/* End PBXGroup section */

/* Begin PBXNativeTarget section */
		CB0656BA2CB6A0F9008E67F9 /* Coin Game */ = {
			isa = PBXNativeTarget;
			buildConfigurationList = CB0656DF2CB6A102008E67F9 /* Build configuration list for PBXNativeTarget "Coin Game" */;
			buildPhases = (
				CB0656B72CB6A0F9008E67F9 /* Sources */,
				CB0656B82CB6A0F9008E67F9 /* Frameworks */,
				CB0656B92CB6A0F9008E67F9 /* Resources */,
			);
			buildRules = (
			);
			dependencies = (
			);
			name = "Coin Game";
			productName = "Coin Game";
			productReference = CB0656BB2CB6A0F9008E67F9 /* Coin Game.app */;
			productType = "com.apple.product-type.application";
		};
		CB0656CA2CB6A102008E67F9 /* Coin GameTests */ = {
			isa = PBXNativeTarget;
			buildConfigurationList = CB0656E22CB6A102008E67F9 /* Build configuration list for PBXNativeTarget "Coin GameTests" */;
			buildPhases = (
				CB0656C72CB6A102008E67F9 /* Sources */,
				CB0656C82CB6A102008E67F9 /* Frameworks */,
				CB0656C92CB6A102008E67F9 /* Resources */,
			);
			buildRules = (
			);
			dependencies = (
				CB0656CD2CB6A102008E67F9 /* PBXTargetDependency */,
			);
			name = "Coin GameTests";
			productName = "Coin GameTests";
			productReference = CB0656CB2CB6A102008E67F9 /* Coin GameTests.xctest */;
			productType = "com.apple.product-type.bundle.unit-test";
		};
		CB0656D42CB6A102008E67F9 /* Coin GameUITests */ = {
			isa = PBXNativeTarget;
			buildConfigurationList = CB0656E52CB6A102008E67F9 /* Build configuration list for PBXNativeTarget "Coin GameUITests" */;
			buildPhases = (
				CB0656D12CB6A102008E67F9 /* Sources */,
				CB0656D22CB6A102008E67F9 /* Frameworks */,
				CB0656D32CB6A102008E67F9 /* Resources */,
			);
			buildRules = (
			);
			dependencies = (
				CB0656D72CB6A102008E67F9 /* PBXTargetDependency */,
			);
			name = "Coin GameUITests";
			productName = "Coin GameUITests";
			productReference = CB0656D52CB6A102008E67F9 /* Coin GameUITests.xctest */;
			productType = "com.apple.product-type.bundle.ui-testing";
		};
/* End PBXNativeTarget section */

/* Begin PBXProject section */
		CB0656B32CB6A0F9008E67F9 /* Project object */ = {
			isa = PBXProject;
			attributes = {
				BuildIndependentTargetsInParallel = 1;
				LastSwiftUpdateCheck = 1540;
				LastUpgradeCheck = 1540;
				TargetAttributes = {
					CB0656BA2CB6A0F9008E67F9 = {
						CreatedOnToolsVersion = 15.4;
					};
					CB0656CA2CB6A102008E67F9 = {
						CreatedOnToolsVersion = 15.4;
						TestTargetID = CB0656BA2CB6A0F9008E67F9;
					};
					CB0656D42CB6A102008E67F9 = {
						CreatedOnToolsVersion = 15.4;
						TestTargetID = CB0656BA2CB6A0F9008E67F9;
					};
				};
			};
			buildConfigurationList = CB0656B62CB6A0F9008E67F9 /* Build configuration list for PBXProject "Coin Game" */;
			compatibilityVersion = "Xcode 14.0";
			developmentRegion = en;
			hasScannedForEncodings = 0;
			knownRegions = (
				en,
				Base,
			);
			mainGroup = CB0656B22CB6A0F9008E67F9;
			productRefGroup = CB0656BC2CB6A0F9008E67F9 /* Products */;
			projectDirPath = "";
			projectRoot = "";
			targets = (
				CB0656BA2CB6A0F9008E67F9 /* Coin Game */,
				CB0656CA2CB6A102008E67F9 /* Coin GameTests */,
				CB0656D42CB6A102008E67F9 /* Coin GameUITests */,
			);
		};
/* End PBXProject section */

/* Begin PBXResourcesBuildPhase section */
		CB0656B92CB6A0F9008E67F9 /* Resources */ = {
			isa = PBXResourcesBuildPhase;
			buildActionMask = 2147483647;
			files = (
				CB0656C62CB6A102008E67F9 /* Preview Assets.xcassets in Resources */,
				CB0656C32CB6A102008E67F9 /* Assets.xcassets in Resources */,
			);
			runOnlyForDeploymentPostprocessing = 0;
		};
		CB0656C92CB6A102008E67F9 /* Resources */ = {
			isa = PBXResourcesBuildPhase;
			buildActionMask = 2147483647;
			files = (
			);
			runOnlyForDeploymentPostprocessing = 0;
		};
		CB0656D32CB6A102008E67F9 /* Resources */ = {
			isa = PBXResourcesBuildPhase;
			buildActionMask = 2147483647;
			files = (
			);
			runOnlyForDeploymentPostprocessing = 0;
		};
/* End PBXResourcesBuildPhase section */

/* Begin PBXSourcesBuildPhase section */
		CB0656B72CB6A0F9008E67F9 /* Sources */ = {
			isa = PBXSourcesBuildPhase;
			buildActionMask = 2147483647;
			files = (
				CB0656C12CB6A0F9008E67F9 /* ContentView.swift in Sources */,
				CB0656BF2CB6A0F9008E67F9 /* Coin_GameApp.swift in Sources */,
			);
			runOnlyForDeploymentPostprocessing = 0;
		};
		CB0656C72CB6A102008E67F9 /* Sources */ = {
			isa = PBXSourcesBuildPhase;
			buildActionMask = 2147483647;
			files = (
				CB0656D02CB6A102008E67F9 /* Coin_GameTests.swift in Sources */,
			);
			runOnlyForDeploymentPostprocessing = 0;
		};
		CB0656D12CB6A102008E67F9 /* Sources */ = {
			isa = PBXSourcesBuildPhase;
			buildActionMask = 2147483647;
			files = (
				CB0656DA2CB6A102008E67F9 /* Coin_GameUITests.swift in Sources */,
				CB0656DC2CB6A102008E67F9 /* Coin_GameUITestsLaunchTests.swift in Sources */,
			);
			runOnlyForDeploymentPostprocessing = 0;
		};
/* End PBXSourcesBuildPhase section */

/* Begin PBXTargetDependency section */
		CB0656CD2CB6A102008E67F9 /* PBXTargetDependency */ = {
			isa = PBXTargetDependency;
			target = CB0656BA2CB6A0F9008E67F9 /* Coin Game */;
			targetProxy = CB0656CC2CB6A102008E67F9 /* PBXContainerItemProxy */;
		};
		CB0656D72CB6A102008E67F9 /* PBXTargetDependency */ = {
			isa = PBXTargetDependency;
			target = CB0656BA2CB6A0F9008E67F9 /* Coin Game */;
			targetProxy = CB0656D62CB6A102008E67F9 /* PBXContainerItemProxy */;
		};
/* End PBXTargetDependency section */

/* Begin XCBuildConfiguration section */
		CB0656DD2CB6A102008E67F9 /* Debug */ = {
			isa = XCBuildConfiguration;
			buildSettings = {
				ALWAYS_SEARCH_USER_PATHS = NO;
				ASSETCATALOG_COMPILER_GENERATE_SWIFT_ASSET_SYMBOL_EXTENSIONS = YES;
				CLANG_ANALYZER_NONNULL = YES;
				CLANG_ANALYZER_NUMBER_OBJECT_CONVERSION = YES_AGGRESSIVE;
				CLANG_CXX_LANGUAGE_STANDARD = "gnu++20";
				CLANG_ENABLE_MODULES = YES;
				CLANG_ENABLE_OBJC_ARC = YES;
				CLANG_ENABLE_OBJC_WEAK = YES;
				CLANG_WARN_BLOCK_CAPTURE_AUTORELEASING = YES;
				CLANG_WARN_BOOL_CONVERSION = YES;
				CLANG_WARN_COMMA = YES;
				CLANG_WARN_CONSTANT_CONVERSION = YES;
				CLANG_WARN_DEPRECATED_OBJC_IMPLEMENTATIONS = YES;
				CLANG_WARN_DIRECT_OBJC_ISA_USAGE = YES_ERROR;
				CLANG_WARN_DOCUMENTATION_COMMENTS = YES;
				CLANG_WARN_EMPTY_BODY = YES;
				CLANG_WARN_ENUM_CONVERSION = YES;
				CLANG_WARN_INFINITE_RECURSION = YES;
				CLANG_WARN_INT_CONVERSION = YES;
				CLANG_WARN_NON_LITERAL_NULL_CONVERSION = YES;
				CLANG_WARN_OBJC_IMPLICIT_RETAIN_SELF = YES;
				CLANG_WARN_OBJC_LITERAL_CONVERSION = YES;
				CLANG_WARN_OBJC_ROOT_CLASS = YES_ERROR;
				CLANG_WARN_QUOTED_INCLUDE_IN_FRAMEWORK_HEADER = YES;
				CLANG_WARN_RANGE_LOOP_ANALYSIS = YES;
				CLANG_WARN_STRICT_PROTOTYPES = YES;
				CLANG_WARN_SUSPICIOUS_MOVE = YES;
				CLANG_WARN_UNGUARDED_AVAILABILITY = YES_AGGRESSIVE;
				CLANG_WARN_UNREACHABLE_CODE = YES;
				CLANG_WARN__DUPLICATE_METHOD_MATCH = YES;
				COPY_PHASE_STRIP = NO;
				DEBUG_INFORMATION_FORMAT = dwarf;
				ENABLE_STRICT_OBJC_MSGSEND = YES;
				ENABLE_TESTABILITY = YES;
				ENABLE_USER_SCRIPT_SANDBOXING = YES;
				GCC_C_LANGUAGE_STANDARD = gnu17;
				GCC_DYNAMIC_NO_PIC = NO;
				GCC_NO_COMMON_BLOCKS = YES;
				GCC_OPTIMIZATION_LEVEL = 0;
				GCC_PREPROCESSOR_DEFINITIONS = (
					"DEBUG=1",
					"$(inherited)",
				);
				GCC_WARN_64_TO_32_BIT_CONVERSION = YES;
				GCC_WARN_ABOUT_RETURN_TYPE = YES_ERROR;
				GCC_WARN_UNDECLARED_SELECTOR = YES;
				GCC_WARN_UNINITIALIZED_AUTOS = YES_AGGRESSIVE;
				GCC_WARN_UNUSED_FUNCTION = YES;
				GCC_WARN_UNUSED_VARIABLE = YES;
				IPHONEOS_DEPLOYMENT_TARGET = 17.5;
				LOCALIZATION_PREFERS_STRING_CATALOGS = YES;
				MTL_ENABLE_DEBUG_INFO = INCLUDE_SOURCE;
				MTL_FAST_MATH = YES;
				ONLY_ACTIVE_ARCH = YES;
				SDKROOT = iphoneos;
				SWIFT_ACTIVE_COMPILATION_CONDITIONS = "DEBUG $(inherited)";
				SWIFT_OPTIMIZATION_LEVEL = "-Onone";
			};
			name = Debug;
		};
		CB0656DE2CB6A102008E67F9 /* Release */ = {
			isa = XCBuildConfiguration;
			buildSettings = {
				ALWAYS_SEARCH_USER_PATHS = NO;
				ASSETCATALOG_COMPILER_GENERATE_SWIFT_ASSET_SYMBOL_EXTENSIONS = YES;
				CLANG_ANALYZER_NONNULL = YES;
				CLANG_ANALYZER_NUMBER_OBJECT_CONVERSION = YES_AGGRESSIVE;
				CLANG_CXX_LANGUAGE_STANDARD = "gnu++20";
				CLANG_ENABLE_MODULES = YES;
				CLANG_ENABLE_OBJC_ARC = YES;
				CLANG_ENABLE_OBJC_WEAK = YES;
				CLANG_WARN_BLOCK_CAPTURE_AUTORELEASING = YES;
				CLANG_WARN_BOOL_CONVERSION = YES;
				CLANG_WARN_COMMA = YES;
				CLANG_WARN_CONSTANT_CONVERSION = YES;
				CLANG_WARN_DEPRECATED_OBJC_IMPLEMENTATIONS = YES;
				CLANG_WARN_DIRECT_OBJC_ISA_USAGE = YES_ERROR;
				CLANG_WARN_DOCUMENTATION_COMMENTS = YES;
				CLANG_WARN_EMPTY_BODY = YES;
				CLANG_WARN_ENUM_CONVERSION = YES;
				CLANG_WARN_INFINITE_RECURSION = YES;
				CLANG_WARN_INT_CONVERSION = YES;
				CLANG_WARN_NON_LITERAL_NULL_CONVERSION = YES;
				CLANG_WARN_OBJC_IMPLICIT_RETAIN_SELF = YES;
				CLANG_WARN_OBJC_LITERAL_CONVERSION = YES;
				CLANG_WARN_OBJC_ROOT_CLASS = YES_ERROR;
				CLANG_WARN_QUOTED_INCLUDE_IN_FRAMEWORK_HEADER = YES;
				CLANG_WARN_RANGE_LOOP_ANALYSIS = YES;
				CLANG_WARN_STRICT_PROTOTYPES = YES;
				CLANG_WARN_SUSPICIOUS_MOVE = YES;
				CLANG_WARN_UNGUARDED_AVAILABILITY = YES_AGGRESSIVE;
				CLANG_WARN_UNREACHABLE_CODE = YES;
				CLANG_WARN__DUPLICATE_METHOD_MATCH = YES;
				COPY_PHASE_STRIP = NO;
				DEBUG_INFORMATION_FORMAT = "dwarf-with-dsym";
				ENABLE_NS_ASSERTIONS = NO;
				ENABLE_STRICT_OBJC_MSGSEND = YES;
				ENABLE_USER_SCRIPT_SANDBOXING = YES;
				GCC_C_LANGUAGE_STANDARD = gnu17;
				GCC_NO_COMMON_BLOCKS = YES;
				GCC_WARN_64_TO_32_BIT_CONVERSION = YES;
				GCC_WARN_ABOUT_RETURN_TYPE = YES_ERROR;
				GCC_WARN_UNDECLARED_SELECTOR = YES;
				GCC_WARN_UNINITIALIZED_AUTOS = YES_AGGRESSIVE;
				GCC_WARN_UNUSED_FUNCTION = YES;
				GCC_WARN_UNUSED_VARIABLE = YES;
				IPHONEOS_DEPLOYMENT_TARGET = 17.5;
				LOCALIZATION_PREFERS_STRING_CATALOGS = YES;
				MTL_ENABLE_DEBUG_INFO = NO;
				MTL_FAST_MATH = YES;
				SDKROOT = iphoneos;
				SWIFT_COMPILATION_MODE = wholemodule;
				VALIDATE_PRODUCT = YES;
			};
			name = Release;
		};
		CB0656E02CB6A102008E67F9 /* Debug */ = {
			isa = XCBuildConfiguration;
			buildSettings = {
				ASSETCATALOG_COMPILER_APPICON_NAME = AppIcon;
				ASSETCATALOG_COMPILER_GLOBAL_ACCENT_COLOR_NAME = AccentColor;
				CODE_SIGN_STYLE = Automatic;
				CURRENT_PROJECT_VERSION = 1;
				DEVELOPMENT_ASSET_PATHS = "\"Coin Game/Preview Content\"";
				DEVELOPMENT_TEAM = ZLGJKS795W;
				ENABLE_PREVIEWS = YES;
				GENERATE_INFOPLIST_FILE = YES;
				INFOPLIST_KEY_UIApplicationSceneManifest_Generation = YES;
				INFOPLIST_KEY_UIApplicationSupportsIndirectInputEvents = YES;
				INFOPLIST_KEY_UILaunchScreen_Generation = YES;
				INFOPLIST_KEY_UISupportedInterfaceOrientations_iPad = "UIInterfaceOrientationPortrait UIInterfaceOrientationPortraitUpsideDown UIInterfaceOrientationLandscapeLeft UIInterfaceOrientationLandscapeRight";
				INFOPLIST_KEY_UISupportedInterfaceOrientations_iPhone = "UIInterfaceOrientationPortrait UIInterfaceOrientationLandscapeLeft UIInterfaceOrientationLandscapeRight";
				IPHONEOS_DEPLOYMENT_TARGET = 17.4;
				LD_RUNPATH_SEARCH_PATHS = (
					"$(inherited)",
					"@executable_path/Frameworks",
				);
				MARKETING_VERSION = 1.0;
				PRODUCT_BUNDLE_IDENTIFIER = "com.tashidolkar.Coin-Game";
				PRODUCT_NAME = "$(TARGET_NAME)";
				SWIFT_EMIT_LOC_STRINGS = YES;
				SWIFT_VERSION = 5.0;
				TARGETED_DEVICE_FAMILY = "1,2";
			};
			name = Debug;
		};
		CB0656E12CB6A102008E67F9 /* Release */ = {
			isa = XCBuildConfiguration;
			buildSettings = {
				ASSETCATALOG_COMPILER_APPICON_NAME = AppIcon;
				ASSETCATALOG_COMPILER_GLOBAL_ACCENT_COLOR_NAME = AccentColor;
				CODE_SIGN_STYLE = Automatic;
				CURRENT_PROJECT_VERSION = 1;
				DEVELOPMENT_ASSET_PATHS = "\"Coin Game/Preview Content\"";
				DEVELOPMENT_TEAM = ZLGJKS795W;
				ENABLE_PREVIEWS = YES;
				GENERATE_INFOPLIST_FILE = YES;
				INFOPLIST_KEY_UIApplicationSceneManifest_Generation = YES;
				INFOPLIST_KEY_UIApplicationSupportsIndirectInputEvents = YES;
				INFOPLIST_KEY_UILaunchScreen_Generation = YES;
				INFOPLIST_KEY_UISupportedInterfaceOrientations_iPad = "UIInterfaceOrientationPortrait UIInterfaceOrientationPortraitUpsideDown UIInterfaceOrientationLandscapeLeft UIInterfaceOrientationLandscapeRight";
				INFOPLIST_KEY_UISupportedInterfaceOrientations_iPhone = "UIInterfaceOrientationPortrait UIInterfaceOrientationLandscapeLeft UIInterfaceOrientationLandscapeRight";
				IPHONEOS_DEPLOYMENT_TARGET = 17.4;
				LD_RUNPATH_SEARCH_PATHS = (
					"$(inherited)",
					"@executable_path/Frameworks",
				);
				MARKETING_VERSION = 1.0;
				PRODUCT_BUNDLE_IDENTIFIER = "com.tashidolkar.Coin-Game";
				PRODUCT_NAME = "$(TARGET_NAME)";
				SWIFT_EMIT_LOC_STRINGS = YES;
				SWIFT_VERSION = 5.0;
				TARGETED_DEVICE_FAMILY = "1,2";
			};
			name = Release;
		};
		CB0656E32CB6A102008E67F9 /* Debug */ = {
			isa = XCBuildConfiguration;
			buildSettings = {
				ALWAYS_EMBED_SWIFT_STANDARD_LIBRARIES = YES;
				BUNDLE_LOADER = "$(TEST_HOST)";
				CODE_SIGN_STYLE = Automatic;
				CURRENT_PROJECT_VERSION = 1;
				GENERATE_INFOPLIST_FILE = YES;
				IPHONEOS_DEPLOYMENT_TARGET = 17.5;
				MARKETING_VERSION = 1.0;
				PRODUCT_BUNDLE_IDENTIFIER = "com.tashidolkar.Coin-GameTests";
				PRODUCT_NAME = "$(TARGET_NAME)";
				SWIFT_EMIT_LOC_STRINGS = NO;
				SWIFT_VERSION = 5.0;
				TARGETED_DEVICE_FAMILY = "1,2";
				TEST_HOST = "$(BUILT_PRODUCTS_DIR)/Coin Game.app/$(BUNDLE_EXECUTABLE_FOLDER_PATH)/Coin Game";
			};
			name = Debug;
		};
		CB0656E42CB6A102008E67F9 /* Release */ = {
			isa = XCBuildConfiguration;
			buildSettings = {
				ALWAYS_EMBED_SWIFT_STANDARD_LIBRARIES = YES;
				BUNDLE_LOADER = "$(TEST_HOST)";
				CODE_SIGN_STYLE = Automatic;
				CURRENT_PROJECT_VERSION = 1;
				GENERATE_INFOPLIST_FILE = YES;
				IPHONEOS_DEPLOYMENT_TARGET = 17.5;
				MARKETING_VERSION = 1.0;
				PRODUCT_BUNDLE_IDENTIFIER = "com.tashidolkar.Coin-GameTests";
				PRODUCT_NAME = "$(TARGET_NAME)";
				SWIFT_EMIT_LOC_STRINGS = NO;
				SWIFT_VERSION = 5.0;
				TARGETED_DEVICE_FAMILY = "1,2";
				TEST_HOST = "$(BUILT_PRODUCTS_DIR)/Coin Game.app/$(BUNDLE_EXECUTABLE_FOLDER_PATH)/Coin Game";
			};
			name = Release;
		};
		CB0656E62CB6A102008E67F9 /* Debug */ = {
			isa = XCBuildConfiguration;
			buildSettings = {
				ALWAYS_EMBED_SWIFT_STANDARD_LIBRARIES = YES;
				CODE_SIGN_STYLE = Automatic;
				CURRENT_PROJECT_VERSION = 1;
				GENERATE_INFOPLIST_FILE = YES;
				MARKETING_VERSION = 1.0;
				PRODUCT_BUNDLE_IDENTIFIER = "com.tashidolkar.Coin-GameUITests";
				PRODUCT_NAME = "$(TARGET_NAME)";
				SWIFT_EMIT_LOC_STRINGS = NO;
				SWIFT_VERSION = 5.0;
				TARGETED_DEVICE_FAMILY = "1,2";
				TEST_TARGET_NAME = "Coin Game";
			};
			name = Debug;
		};
		CB0656E72CB6A102008E67F9 /* Release */ = {
			isa = XCBuildConfiguration;
			buildSettings = {
				ALWAYS_EMBED_SWIFT_STANDARD_LIBRARIES = YES;
				CODE_SIGN_STYLE = Automatic;
				CURRENT_PROJECT_VERSION = 1;
				GENERATE_INFOPLIST_FILE = YES;
				MARKETING_VERSION = 1.0;
				PRODUCT_BUNDLE_IDENTIFIER = "com.tashidolkar.Coin-GameUITests";
				PRODUCT_NAME = "$(TARGET_NAME)";
				SWIFT_EMIT_LOC_STRINGS = NO;
				SWIFT_VERSION = 5.0;
				TARGETED_DEVICE_FAMILY = "1,2";
				TEST_TARGET_NAME = "Coin Game";
			};
			name = Release;
		};
/* End XCBuildConfiguration section */

/* Begin XCConfigurationList section */
		CB0656B62CB6A0F9008E67F9 /* Build configuration list for PBXProject "Coin Game" */ = {
			isa = XCConfigurationList;
			buildConfigurations = (
				CB0656DD2CB6A102008E67F9 /* Debug */,
				CB0656DE2CB6A102008E67F9 /* Release */,
			);
			defaultConfigurationIsVisible = 0;
			defaultConfigurationName = Release;
		};
		CB0656DF2CB6A102008E67F9 /* Build configuration list for PBXNativeTarget "Coin Game" */ = {
			isa = XCConfigurationList;
			buildConfigurations = (
				CB0656E02CB6A102008E67F9 /* Debug */,
				CB0656E12CB6A102008E67F9 /* Release */,
			);
			defaultConfigurationIsVisible = 0;
			defaultConfigurationName = Release;
		};
		CB0656E22CB6A102008E67F9 /* Build configuration list for PBXNativeTarget "Coin GameTests" */ = {
			isa = XCConfigurationList;
			buildConfigurations = (
				CB0656E32CB6A102008E67F9 /* Debug */,
				CB0656E42CB6A102008E67F9 /* Release */,
			);
			defaultConfigurationIsVisible = 0;
			defaultConfigurationName = Release;
		};
		CB0656E52CB6A102008E67F9 /* Build configuration list for PBXNativeTarget "Coin GameUITests" */ = {
			isa = XCConfigurationList;
			buildConfigurations = (
				CB0656E62CB6A102008E67F9 /* Debug */,
				CB0656E72CB6A102008E67F9 /* Release */,
			);
			defaultConfigurationIsVisible = 0;
			defaultConfigurationName = Release;
		};
/* End XCConfigurationList section */
	};
	rootObject = CB0656B32CB6A0F9008E67F9 /* Project object */;
}
